
Microsoft Visual Studio Solution File, Format Version 12.00
# Visual Studio Version 16
VisualStudioVersion = 16.0.32106.194
MinimumVisualStudioVersion = 10.0.40219.1
Project("{9A19103F-16F7-4668-BE54-9A1E7A4F7556}") = "FunctionsReturnAndArraysForFile", "FunctionsReturnAndArraysForFile\FunctionsReturnAndArraysForFile.csproj", "{97E99B06-F7BB-4B8B-8187-4ECE0867B3FE}"
EndProject
Project("{9A19103F-16F7-4668-BE54-9A1E7A4F7556}") = "FridayNightRandom", "FridayNightRandom\FridayNightRandom.csproj", "{73ADF671-C2E0-466C-9579-AAB52AA1253F}"
EndProject
Project("{9A19103F-16F7-4668-BE54-9A1E7A4F7556}") = "FridayNightRandomReturn", "FridayNightRandomReturn\FridayNightRandomReturn.csproj", "{82B4E311-82F9-435F-B955-91A8DBBA79BE}"
EndProject
Project("{FAE04EC0-301F-11D3-BF4B-00C04F79EFBC}") = "PickFromFile", "PickFromFile\PickFromFile.csproj", "{6D354DC6-82C2-4637-874A-8C538CA1F86F}"
EndProject
Project("{FAE04EC0-301F-11D3-BF4B-00C04F79EFBC}") = "ChucNorris", "ChucNorris\ChucNorris.csproj", "{77177971-9241-40CE-AC71-5C48313C068A}"
EndProject
Global
	GlobalSection(SolutionConfigurationPlatforms) = preSolution
		Debug|Any CPU = Debug|Any CPU
		Release|Any CPU = Release|Any CPU
	EndGlobalSection
	GlobalSection(ProjectConfigurationPlatforms) = postSolution
		{97E99B06-F7BB-4B8B-8187-4ECE0867B3FE}.Debug|Any CPU.ActiveCfg = Debug|Any CPU
		{97E99B06-F7BB-4B8B-8187-4ECE0867B3FE}.Debug|Any CPU.Build.0 = Debug|Any CPU
		{97E99B06-F7BB-4B8B-8187-4ECE0867B3FE}.Release|Any CPU.ActiveCfg = Release|Any CPU
		{97E99B06-F7BB-4B8B-8187-4ECE0867B3FE}.Release|Any CPU.Build.0 = Release|Any CPU
		{73ADF671-C2E0-466C-9579-AAB52AA1253F}.Debug|Any CPU.ActiveCfg = Debug|Any CPU
		{73ADF671-C2E0-466C-9579-AAB52AA1253F}.Debug|Any CPU.Build.0 = Debug|Any CPU
		{73ADF671-C2E0-466C-9579-AAB52AA1253F}.Release|Any CPU.ActiveCfg = Release|Any CPU
		{73ADF671-C2E0-466C-9579-AAB52AA1253F}.Release|Any CPU.Build.0 = Release|Any CPU
		{82B4E311-82F9-435F-B955-91A8DBBA79BE}.Debug|Any CPU.ActiveCfg = Debug|Any CPU
		{82B4E311-82F9-435F-B955-91A8DBBA79BE}.Debug|Any CPU.Build.0 = Debug|Any CPU
		{82B4E311-82F9-435F-B955-91A8DBBA79BE}.Release|Any CPU.ActiveCfg = Release|Any CPU
		{82B4E311-82F9-435F-B955-91A8DBBA79BE}.Release|Any CPU.Build.0 = Release|Any CPU
		{6D354DC6-82C2-4637-874A-8C538CA1F86F}.Debug|Any CPU.ActiveCfg = Debug|Any CPU
		{6D354DC6-82C2-4637-874A-8C538CA1F86F}.Debug|Any CPU.Build.0 = Debug|Any CPU
		{6D354DC6-82C2-4637-874A-8C538CA1F86F}.Release|Any CPU.ActiveCfg = Release|Any CPU
		{6D354DC6-82C2-4637-874A-8C538CA1F86F}.Release|Any CPU.Build.0 = Release|Any CPU
		{77177971-9241-40CE-AC71-5C48313C068A}.Debug|Any CPU.ActiveCfg = Debug|Any CPU
		{77177971-9241-40CE-AC71-5C48313C068A}.Debug|Any CPU.Build.0 = Debug|Any CPU
		{77177971-9241-40CE-AC71-5C48313C068A}.Release|Any CPU.ActiveCfg = Release|Any CPU
		{77177971-9241-40CE-AC71-5C48313C068A}.Release|Any CPU.Build.0 = Release|Any CPU
	EndGlobalSection
	GlobalSection(SolutionProperties) = preSolution
		HideSolutionNode = FALSE
	EndGlobalSection
	GlobalSection(ExtensibilityGlobals) = postSolution
		SolutionGuid = {06C9B3FE-F689-4F66-AC7F-D830035C9010}
	EndGlobalSection
EndGlobal
